
Microsoft Visual Studio Solution File, Format Version 12.00
# Visual Studio Version 17
VisualStudioVersion = 17.13.35818.85 d17.13
MinimumVisualStudioVersion = 10.0.40219.1
Project("{FAE04EC0-301F-11D3-BF4B-00C04F79EFBC}") = "ProductApi.Application", "ProductApi.Application\ProductApi.Application.csproj", "{54AB7969-1A77-41AB-9FDB-E34788D76941}"
EndProject
Project("{FAE04EC0-301F-11D3-BF4B-00C04F79EFBC}") = "ProductApi.Domain", "ProductApi.Domain\ProductApi.Domain.csproj", "{720F1354-9785-4113-AFB9-C244154B0943}"
EndProject
Project("{FAE04EC0-301F-11D3-BF4B-00C04F79EFBC}") = "ProductApi.Infrastructure", "ProductApi.Infrastructure\ProductApi.Infrastructure.csproj", "{6AC9C7B3-F5D4-4D9B-AE4F-6C15F287FA78}"
EndProject
Project("{FAE04EC0-301F-11D3-BF4B-00C04F79EFBC}") = "ProductApi.Presentation", "ProductApi.Presentation\ProductApi.Presentation.csproj", "{0367FCE6-EA78-4E6D-91CB-8286A9BC52BE}"
EndProject
Project("{FAE04EC0-301F-11D3-BF4B-00C04F79EFBC}") = "eCommerce.SharedLibrary", "..\DemoECommerce.SharedLibrarySolution\eCommerce.SharedLibrary\eCommerce.SharedLibrary.csproj", "{037A0280-0D01-FF6F-6210-90E1ECB2528E}"
EndProject
Global
	GlobalSection(SolutionConfigurationPlatforms) = preSolution
		Debug|Any CPU = Debug|Any CPU
		Release|Any CPU = Release|Any CPU
	EndGlobalSection
	GlobalSection(ProjectConfigurationPlatforms) = postSolution
		{54AB7969-1A77-41AB-9FDB-E34788D76941}.Debug|Any CPU.ActiveCfg = Debug|Any CPU
		{54AB7969-1A77-41AB-9FDB-E34788D76941}.Debug|Any CPU.Build.0 = Debug|Any CPU
		{54AB7969-1A77-41AB-9FDB-E34788D76941}.Release|Any CPU.ActiveCfg = Release|Any CPU
		{54AB7969-1A77-41AB-9FDB-E34788D76941}.Release|Any CPU.Build.0 = Release|Any CPU
		{720F1354-9785-4113-AFB9-C244154B0943}.Debug|Any CPU.ActiveCfg = Debug|Any CPU
		{720F1354-9785-4113-AFB9-C244154B0943}.Debug|Any CPU.Build.0 = Debug|Any CPU
		{720F1354-9785-4113-AFB9-C244154B0943}.Release|Any CPU.ActiveCfg = Release|Any CPU
		{720F1354-9785-4113-AFB9-C244154B0943}.Release|Any CPU.Build.0 = Release|Any CPU
		{6AC9C7B3-F5D4-4D9B-AE4F-6C15F287FA78}.Debug|Any CPU.ActiveCfg = Debug|Any CPU
		{6AC9C7B3-F5D4-4D9B-AE4F-6C15F287FA78}.Debug|Any CPU.Build.0 = Debug|Any CPU
		{6AC9C7B3-F5D4-4D9B-AE4F-6C15F287FA78}.Release|Any CPU.ActiveCfg = Release|Any CPU
		{6AC9C7B3-F5D4-4D9B-AE4F-6C15F287FA78}.Release|Any CPU.Build.0 = Release|Any CPU
		{0367FCE6-EA78-4E6D-91CB-8286A9BC52BE}.Debug|Any CPU.ActiveCfg = Debug|Any CPU
		{0367FCE6-EA78-4E6D-91CB-8286A9BC52BE}.Debug|Any CPU.Build.0 = Debug|Any CPU
		{0367FCE6-EA78-4E6D-91CB-8286A9BC52BE}.Release|Any CPU.ActiveCfg = Release|Any CPU
		{0367FCE6-EA78-4E6D-91CB-8286A9BC52BE}.Release|Any CPU.Build.0 = Release|Any CPU
		{037A0280-0D01-FF6F-6210-90E1ECB2528E}.Debug|Any CPU.ActiveCfg = Debug|Any CPU
		{037A0280-0D01-FF6F-6210-90E1ECB2528E}.Debug|Any CPU.Build.0 = Debug|Any CPU
		{037A0280-0D01-FF6F-6210-90E1ECB2528E}.Release|Any CPU.ActiveCfg = Release|Any CPU
		{037A0280-0D01-FF6F-6210-90E1ECB2528E}.Release|Any CPU.Build.0 = Release|Any CPU
	EndGlobalSection
	GlobalSection(SolutionProperties) = preSolution
		HideSolutionNode = FALSE
	EndGlobalSection
	GlobalSection(ExtensibilityGlobals) = postSolution
		SolutionGuid = {69B036D9-E3ED-490F-9D47-2B5D54BF6FBC}
	EndGlobalSection
EndGlobal
